
Microsoft Visual Studio Solution File, Format Version 12.00
# Visual Studio 15
VisualStudioVersion = 15.0.28307.168
MinimumVisualStudioVersion = 10.0.40219.1
Project("{9A19103F-16F7-4668-BE54-9A1E7A4F7556}") = "StudentAdministrationWebApi", "StudentAdministrationWebApi\StudentAdministrationWebApi.csproj", "{3AFD79F4-01EC-4619-A5A7-8E47303B0244}"
EndProject
Project("{2150E333-8FDC-42A3-9474-1A3956D46DE8}") = "Db", "Db", "{3AE2E4A5-A17F-4DE4-807D-06E18C9DB6BD}"
	ProjectSection(SolutionItems) = preProject
		Db\Dockerfile = Db\Dockerfile
		Db\init.sql = Db\init.sql
		Db\populate.sql = Db\populate.sql
	EndProjectSection
EndProject
Project("{9A19103F-16F7-4668-BE54-9A1E7A4F7556}") = "StudentAdministrationTest", "StudentAdministrationTest\StudentAdministrationTest.csproj", "{3F939D65-F4FD-4525-BDA8-A9BB2FE82C52}"
	ProjectSection(ProjectDependencies) = postProject
		{3AFD79F4-01EC-4619-A5A7-8E47303B0244} = {3AFD79F4-01EC-4619-A5A7-8E47303B0244}
	EndProjectSection
EndProject
Project("{E53339B2-1760-4266-BCC7-CA923CBCF16C}") = "docker-compose", "docker-compose.dcproj", "{ECA040F9-0D58-47EE-B28A-56842FC8D7DE}"
EndProject
Global
	GlobalSection(SolutionConfigurationPlatforms) = preSolution
		Debug|Any CPU = Debug|Any CPU
		Release|Any CPU = Release|Any CPU
	EndGlobalSection
	GlobalSection(ProjectConfigurationPlatforms) = postSolution
		{3AFD79F4-01EC-4619-A5A7-8E47303B0244}.Debug|Any CPU.ActiveCfg = Debug|Any CPU
		{3AFD79F4-01EC-4619-A5A7-8E47303B0244}.Debug|Any CPU.Build.0 = Debug|Any CPU
		{3AFD79F4-01EC-4619-A5A7-8E47303B0244}.Release|Any CPU.ActiveCfg = Release|Any CPU
		{3AFD79F4-01EC-4619-A5A7-8E47303B0244}.Release|Any CPU.Build.0 = Release|Any CPU
		{3F939D65-F4FD-4525-BDA8-A9BB2FE82C52}.Debug|Any CPU.ActiveCfg = Debug|Any CPU
		{3F939D65-F4FD-4525-BDA8-A9BB2FE82C52}.Debug|Any CPU.Build.0 = Debug|Any CPU
		{3F939D65-F4FD-4525-BDA8-A9BB2FE82C52}.Release|Any CPU.ActiveCfg = Release|Any CPU
		{3F939D65-F4FD-4525-BDA8-A9BB2FE82C52}.Release|Any CPU.Build.0 = Release|Any CPU
		{ECA040F9-0D58-47EE-B28A-56842FC8D7DE}.Debug|Any CPU.ActiveCfg = Debug|Any CPU
		{ECA040F9-0D58-47EE-B28A-56842FC8D7DE}.Debug|Any CPU.Build.0 = Debug|Any CPU
		{ECA040F9-0D58-47EE-B28A-56842FC8D7DE}.Release|Any CPU.ActiveCfg = Release|Any CPU
		{ECA040F9-0D58-47EE-B28A-56842FC8D7DE}.Release|Any CPU.Build.0 = Release|Any CPU
	EndGlobalSection
	GlobalSection(SolutionProperties) = preSolution
		HideSolutionNode = FALSE
	EndGlobalSection
	GlobalSection(ExtensibilityGlobals) = postSolution
		SolutionGuid = {84222B3C-6D81-4A88-A223-D38CA748ABAA}
	EndGlobalSection
EndGlobal
